// !$*UTF8*$!
{
	archiveVersion = 1;
	classes = {
	};
	objectVersion = 50;
	objects = {

/* Begin PBXBuildFile section */
		D44B47A32540F6FF0089F910 /* AppDelegate.swift in Sources */ = {isa = PBXBuildFile; fileRef = D44B47A22540F6FF0089F910 /* AppDelegate.swift */; };
		D44B47A52540F6FF0089F910 /* SceneDelegate.swift in Sources */ = {isa = PBXBuildFile; fileRef = D44B47A42540F6FF0089F910 /* SceneDelegate.swift */; };
		D44B47A72540F6FF0089F910 /* ViewController.swift in Sources */ = {isa = PBXBuildFile; fileRef = D44B47A62540F6FF0089F910 /* ViewController.swift */; };
		D44B47AA2540F6FF0089F910 /* Main.storyboard in Resources */ = {isa = PBXBuildFile; fileRef = D44B47A82540F6FF0089F910 /* Main.storyboard */; };
		D44B47AC2540F7010089F910 /* Assets.xcassets in Resources */ = {isa = PBXBuildFile; fileRef = D44B47AB2540F7010089F910 /* Assets.xcassets */; };
		D44B47AF2540F7010089F910 /* LaunchScreen.storyboard in Resources */ = {isa = PBXBuildFile; fileRef = D44B47AD2540F7010089F910 /* LaunchScreen.storyboard */; };
		D44B47B92540FA140089F910 /* EscolherImagem.swift in Sources */ = {isa = PBXBuildFile; fileRef = D44B47B82540FA140089F910 /* EscolherImagem.swift */; };
/* End PBXBuildFile section */

/* Begin PBXFileReference section */
		D44B479F2540F6FF0089F910 /* vendoImg.app */ = {isa = PBXFileReference; explicitFileType = wrapper.application; includeInIndex = 0; path = vendoImg.app; sourceTree = BUILT_PRODUCTS_DIR; };
		D44B47A22540F6FF0089F910 /* AppDelegate.swift */ = {isa = PBXFileReference; lastKnownFileType = sourcecode.swift; path = AppDelegate.swift; sourceTree = "<group>"; };
		D44B47A42540F6FF0089F910 /* SceneDelegate.swift */ = {isa = PBXFileReference; lastKnownFileType = sourcecode.swift; path = SceneDelegate.swift; sourceTree = "<group>"; };
		D44B47A62540F6FF0089F910 /* ViewController.swift */ = {isa = PBXFileReference; lastKnownFileType = sourcecode.swift; path = ViewController.swift; sourceTree = "<group>"; };
		D44B47A92540F6FF0089F910 /* Base */ = {isa = PBXFileReference; lastKnownFileType = file.storyboard; name = Base; path = Base.lproj/Main.storyboard; sourceTree = "<group>"; };
		D44B47AB2540F7010089F910 /* Assets.xcassets */ = {isa = PBXFileReference; lastKnownFileType = folder.assetcatalog; path = Assets.xcassets; sourceTree = "<group>"; };
		D44B47AE2540F7010089F910 /* Base */ = {isa = PBXFileReference; lastKnownFileType = file.storyboard; name = Base; path = Base.lproj/LaunchScreen.storyboard; sourceTree = "<group>"; };
		D44B47B02540F7010089F910 /* Info.plist */ = {isa = PBXFileReference; lastKnownFileType = text.plist.xml; path = Info.plist; sourceTree = "<group>"; };
		D44B47B82540FA140089F910 /* EscolherImagem.swift */ = {isa = PBXFileReference; lastKnownFileType = sourcecode.swift; path = EscolherImagem.swift; sourceTree = "<group>"; };
/* End PBXFileReference section */

/* Begin PBXFrameworksBuildPhase section */
		D44B479C2540F6FF0089F910 /* Frameworks */ = {
			isa = PBXFrameworksBuildPhase;
			buildActionMask = 2147483647;
			files = (
			);
			runOnlyForDeploymentPostprocessing = 0;
		};
/* End PBXFrameworksBuildPhase section */

/* Begin PBXGroup section */
		D44B47962540F6FF0089F910 = {
			isa = PBXGroup;
			children = (
				D44B47A12540F6FF0089F910 /* vendoImg */,
				D44B47A02540F6FF0089F910 /* Products */,
			);
			sourceTree = "<group>";
		};
		D44B47A02540F6FF0089F910 /* Products */ = {
			isa = PBXGroup;
			children = (
				D44B479F2540F6FF0089F910 /* vendoImg.app */,
			);
			name = Products;
			sourceTree = "<group>";
		};
		D44B47A12540F6FF0089F910 /* vendoImg */ = {
			isa = PBXGroup;
			children = (
				D44B47A22540F6FF0089F910 /* AppDelegate.swift */,
				D44B47A42540F6FF0089F910 /* SceneDelegate.swift */,
				D44B47A62540F6FF0089F910 /* ViewController.swift */,
				D44B47A82540F6FF0089F910 /* Main.storyboard */,
				D44B47AB2540F7010089F910 /* Assets.xcassets */,
				D44B47AD2540F7010089F910 /* LaunchScreen.storyboard */,
				D44B47B02540F7010089F910 /* Info.plist */,
				D44B47B82540FA140089F910 /* EscolherImagem.swift */,
			);
			path = vendoImg;
			sourceTree = "<group>";
		};
/* End PBXGroup section */

/* Begin PBXNativeTarget section */
		D44B479E2540F6FF0089F910 /* vendoImg */ = {
			isa = PBXNativeTarget;
			buildConfigurationList = D44B47B32540F7010089F910 /* Build configuration list for PBXNativeTarget "vendoImg" */;
			buildPhases = (
				D44B479B2540F6FF0089F910 /* Sources */,
				D44B479C2540F6FF0089F910 /* Frameworks */,
				D44B479D2540F6FF0089F910 /* Resources */,
			);
			buildRules = (
			);
			dependencies = (
			);
			name = vendoImg;
			productName = vendoImg;
			productReference = D44B479F2540F6FF0089F910 /* vendoImg.app */;
			productType = "com.apple.product-type.application";
		};
/* End PBXNativeTarget section */

/* Begin PBXProject section */
		D44B47972540F6FF0089F910 /* Project object */ = {
			isa = PBXProject;
			attributes = {
				LastSwiftUpdateCheck = 1200;
				LastUpgradeCheck = 1200;
				TargetAttributes = {
					D44B479E2540F6FF0089F910 = {
						CreatedOnToolsVersion = 12.0.1;
					};
				};
			};
			buildConfigurationList = D44B479A2540F6FF0089F910 /* Build configuration list for PBXProject "vendoImg" */;
			compatibilityVersion = "Xcode 9.3";
			developmentRegion = en;
			hasScannedForEncodings = 0;
			knownRegions = (
				en,
				Base,
			);
			mainGroup = D44B47962540F6FF0089F910;
			productRefGroup = D44B47A02540F6FF0089F910 /* Products */;
			projectDirPath = "";
			projectRoot = "";
			targets = (
				D44B479E2540F6FF0089F910 /* vendoImg */,
			);
		};
/* End PBXProject section */

/* Begin PBXResourcesBuildPhase section */
		D44B479D2540F6FF0089F910 /* Resources */ = {
			isa = PBXResourcesBuildPhase;
			buildActionMask = 2147483647;
			files = (
				D44B47AF2540F7010089F910 /* LaunchScreen.storyboard in Resources */,
				D44B47AC2540F7010089F910 /* Assets.xcassets in Resources */,
				D44B47AA2540F6FF0089F910 /* Main.storyboard in Resources */,
			);
			runOnlyForDeploymentPostprocessing = 0;
		};
/* End PBXResourcesBuildPhase section */

/* Begin PBXSourcesBuildPhase section */
		D44B479B2540F6FF0089F910 /* Sources */ = {
			isa = PBXSourcesBuildPhase;
			buildActionMask = 2147483647;
			files = (
				D44B47B92540FA140089F910 /* EscolherImagem.swift in Sources */,
				D44B47A72540F6FF0089F910 /* ViewController.swift in Sources */,
				D44B47A32540F6FF0089F910 /* AppDelegate.swift in Sources */,
				D44B47A52540F6FF0089F910 /* SceneDelegate.swift in Sources */,
			);
			runOnlyForDeploymentPostprocessing = 0;
		};
/* End PBXSourcesBuildPhase section */

/* Begin PBXVariantGroup section */
		D44B47A82540F6FF0089F910 /* Main.storyboard */ = {
			isa = PBXVariantGroup;
			children = (
				D44B47A92540F6FF0089F910 /* Base */,
			);
			name = Main.storyboard;
			sourceTree = "<group>";
		};
		D44B47AD2540F7010089F910 /* LaunchScreen.storyboard */ = {
			isa = PBXVariantGroup;
			children = (
				D44B47AE2540F7010089F910 /* Base */,
			);
			name = LaunchScreen.storyboard;
			sourceTree = "<group>";
		};
/* End PBXVariantGroup section */

/* Begin XCBuildConfiguration section */
		D44B47B12540F7010089F910 /* Debug */ = {
			isa = XCBuildConfiguration;
			buildSettings = {
				ALWAYS_SEARCH_USER_PATHS = NO;
				CLANG_ANALYZER_NONNULL = YES;
				CLANG_ANALYZER_NUMBER_OBJECT_CONVERSION = YES_AGGRESSIVE;
				CLANG_CXX_LANGUAGE_STANDARD = "gnu++14";
				CLANG_CXX_LIBRARY = "libc++";
				CLANG_ENABLE_MODULES = YES;
				CLANG_ENABLE_OBJC_ARC = YES;
				CLANG_ENABLE_OBJC_WEAK = YES;
				CLANG_WARN_BLOCK_CAPTURE_AUTORELEASING = YES;
				CLANG_WARN_BOOL_CONVERSION = YES;
				CLANG_WARN_COMMA = YES;
				CLANG_WARN_CONSTANT_CONVERSION = YES;
				CLANG_WARN_DEPRECATED_OBJC_IMPLEMENTATIONS = YES;
				CLANG_WARN_DIRECT_OBJC_ISA_USAGE = YES_ERROR;
				CLANG_WARN_DOCUMENTATION_COMMENTS = YES;
				CLANG_WARN_EMPTY_BODY = YES;
				CLANG_WARN_ENUM_CONVERSION = YES;
				CLANG_WARN_INFINITE_RECURSION = YES;
				CLANG_WARN_INT_CONVERSION = YES;
				CLANG_WARN_NON_LITERAL_NULL_CONVERSION = YES;
				CLANG_WARN_OBJC_IMPLICIT_RETAIN_SELF = YES;
				CLANG_WARN_OBJC_LITERAL_CONVERSION = YES;
				CLANG_WARN_OBJC_ROOT_CLASS = YES_ERROR;
				CLANG_WARN_QUOTED_INCLUDE_IN_FRAMEWORK_HEADER = YES;
				CLANG_WARN_RANGE_LOOP_ANALYSIS = YES;
				CLANG_WARN_STRICT_PROTOTYPES = YES;
				CLANG_WARN_SUSPICIOUS_MOVE = YES;
				CLANG_WARN_UNGUARDED_AVAILABILITY = YES_AGGRESSIVE;
				CLANG_WARN_UNREACHABLE_CODE = YES;
				CLANG_WARN__DUPLICATE_METHOD_MATCH = YES;
				COPY_PHASE_STRIP = NO;
				DEBUG_INFORMATION_FORMAT = dwarf;
				ENABLE_STRICT_OBJC_MSGSEND = YES;
				ENABLE_TESTABILITY = YES;
				GCC_C_LANGUAGE_STANDARD = gnu11;
				GCC_DYNAMIC_NO_PIC = NO;
				GCC_NO_COMMON_BLOCKS = YES;
				GCC_OPTIMIZATION_LEVEL = 0;
				GCC_PREPROCESSOR_DEFINITIONS = (
					"DEBUG=1",
					"$(inherited)",
				);
				GCC_WARN_64_TO_32_BIT_CONVERSION = YES;
				GCC_WARN_ABOUT_RETURN_TYPE = YES_ERROR;
				GCC_WARN_UNDECLARED_SELECTOR = YES;
				GCC_WARN_UNINITIALIZED_AUTOS = YES_AGGRESSIVE;
				GCC_WARN_UNUSED_FUNCTION = YES;
				GCC_WARN_UNUSED_VARIABLE = YES;
				IPHONEOS_DEPLOYMENT_TARGET = 14.0;
				MTL_ENABLE_DEBUG_INFO = INCLUDE_SOURCE;
				MTL_FAST_MATH = YES;
				ONLY_ACTIVE_ARCH = YES;
				SDKROOT = iphoneos;
				SWIFT_ACTIVE_COMPILATION_CONDITIONS = DEBUG;
				SWIFT_OPTIMIZATION_LEVEL = "-Onone";
			};
			name = Debug;
		};
		D44B47B22540F7010089F910 /* Release */ = {
			isa = XCBuildConfiguration;
			buildSettings = {
				ALWAYS_SEARCH_USER_PATHS = NO;
				CLANG_ANALYZER_NONNULL = YES;
				CLANG_ANALYZER_NUMBER_OBJECT_CONVERSION = YES_AGGRESSIVE;
				CLANG_CXX_LANGUAGE_STANDARD = "gnu++14";
				CLANG_CXX_LIBRARY = "libc++";
				CLANG_ENABLE_MODULES = YES;
				CLANG_ENABLE_OBJC_ARC = YES;
				CLANG_ENABLE_OBJC_WEAK = YES;
				CLANG_WARN_BLOCK_CAPTURE_AUTORELEASING = YES;
				CLANG_WARN_BOOL_CONVERSION = YES;
				CLANG_WARN_COMMA = YES;
				CLANG_WARN_CONSTANT_CONVERSION = YES;
				CLANG_WARN_DEPRECATED_OBJC_IMPLEMENTATIONS = YES;
				CLANG_WARN_DIRECT_OBJC_ISA_USAGE = YES_ERROR;
				CLANG_WARN_DOCUMENTATION_COMMENTS = YES;
				CLANG_WARN_EMPTY_BODY = YES;
				CLANG_WARN_ENUM_CONVERSION = YES;
				CLANG_WARN_INFINITE_RECURSION = YES;
				CLANG_WARN_INT_CONVERSION = YES;
				CLANG_WARN_NON_LITERAL_NULL_CONVERSION = YES;
				CLANG_WARN_OBJC_IMPLICIT_RETAIN_SELF = YES;
				CLANG_WARN_OBJC_LITERAL_CONVERSION = YES;
				CLANG_WARN_OBJC_ROOT_CLASS = YES_ERROR;
				CLANG_WARN_QUOTED_INCLUDE_IN_FRAMEWORK_HEADER = YES;
				CLANG_WARN_RANGE_LOOP_ANALYSIS = YES;
				CLANG_WARN_STRICT_PROTOTYPES = YES;
				CLANG_WARN_SUSPICIOUS_MOVE = YES;
				CLANG_WARN_UNGUARDED_AVAILABILITY = YES_AGGRESSIVE;
				CLANG_WARN_UNREACHABLE_CODE = YES;
				CLANG_WARN__DUPLICATE_METHOD_MATCH = YES;
				COPY_PHASE_STRIP = NO;
				DEBUG_INFORMATION_FORMAT = "dwarf-with-dsym";
				ENABLE_NS_ASSERTIONS = NO;
				ENABLE_STRICT_OBJC_MSGSEND = YES;
				GCC_C_LANGUAGE_STANDARD = gnu11;
				GCC_NO_COMMON_BLOCKS = YES;
				GCC_WARN_64_TO_32_BIT_CONVERSION = YES;
				GCC_WARN_ABOUT_RETURN_TYPE = YES_ERROR;
				GCC_WARN_UNDECLARED_SELECTOR = YES;
				GCC_WARN_UNINITIALIZED_AUTOS = YES_AGGRESSIVE;
				GCC_WARN_UNUSED_FUNCTION = YES;
				GCC_WARN_UNUSED_VARIABLE = YES;
				IPHONEOS_DEPLOYMENT_TARGET = 14.0;
				MTL_ENABLE_DEBUG_INFO = NO;
				MTL_FAST_MATH = YES;
				SDKROOT = iphoneos;
				SWIFT_COMPILATION_MODE = wholemodule;
				SWIFT_OPTIMIZATION_LEVEL = "-O";
				VALIDATE_PRODUCT = YES;
			};
			name = Release;
		};
		D44B47B42540F7010089F910 /* Debug */ = {
			isa = XCBuildConfiguration;
			buildSettings = {
				ASSETCATALOG_COMPILER_APPICON_NAME = AppIcon;
				ASSETCATALOG_COMPILER_GLOBAL_ACCENT_COLOR_NAME = AccentColor;
				CODE_SIGN_STYLE = Automatic;
				INFOPLIST_FILE = vendoImg/Info.plist;
				IPHONEOS_DEPLOYMENT_TARGET = 13.6;
				LD_RUNPATH_SEARCH_PATHS = (
					"$(inherited)",
					"@executable_path/Frameworks",
				);
				PRODUCT_BUNDLE_IDENTIFIER = br.unicamp.sergioM.vendoImg;
				PRODUCT_NAME = "$(TARGET_NAME)";
				SWIFT_VERSION = 5.0;
				TARGETED_DEVICE_FAMILY = "1,2";
			};
			name = Debug;
		};
		D44B47B52540F7010089F910 /* Release */ = {
			isa = XCBuildConfiguration;
			buildSettings = {
				ASSETCATALOG_COMPILER_APPICON_NAME = AppIcon;
				ASSETCATALOG_COMPILER_GLOBAL_ACCENT_COLOR_NAME = AccentColor;
				CODE_SIGN_STYLE = Automatic;
				INFOPLIST_FILE = vendoImg/Info.plist;
				IPHONEOS_DEPLOYMENT_TARGET = 13.6;
				LD_RUNPATH_SEARCH_PATHS = (
					"$(inherited)",
					"@executable_path/Frameworks",
				);
				PRODUCT_BUNDLE_IDENTIFIER = br.unicamp.sergioM.vendoImg;
				PRODUCT_NAME = "$(TARGET_NAME)";
				SWIFT_VERSION = 5.0;
				TARGETED_DEVICE_FAMILY = "1,2";
			};
			name = Release;
		};
/* End XCBuildConfiguration section */

/* Begin XCConfigurationList section */
		D44B479A2540F6FF0089F910 /* Build configuration list for PBXProject "vendoImg" */ = {
			isa = XCConfigurationList;
			buildConfigurations = (
				D44B47B12540F7010089F910 /* Debug */,
				D44B47B22540F7010089F910 /* Release */,
			);
			defaultConfigurationIsVisible = 0;
			defaultConfigurationName = Release;
		};
		D44B47B32540F7010089F910 /* Build configuration list for PBXNativeTarget "vendoImg" */ = {
			isa = XCConfigurationList;
			buildConfigurations = (
				D44B47B42540F7010089F910 /* Debug */,
				D44B47B52540F7010089F910 /* Release */,
			);
			defaultConfigurationIsVisible = 0;
			defaultConfigurationName = Release;
		};
/* End XCConfigurationList section */
	};
	rootObject = D44B47972540F6FF0089F910 /* Project object */;
}
